// !$*UTF8*$!
{
	archiveVersion = 1;
	classes = {
	};
	objectVersion = 46;
	objects = {

/* Begin PBXBuildFile section */
		CF7E1E1717CC57DD002CDB6D /* UIKit.framework in Frameworks */ = {isa = PBXBuildFile; fileRef = CF7E1E1617CC57DD002CDB6D /* UIKit.framework */; };
		CF7E1E1917CC57DD002CDB6D /* Foundation.framework in Frameworks */ = {isa = PBXBuildFile; fileRef = CF7E1E1817CC57DD002CDB6D /* Foundation.framework */; };
		CF7E1E1B17CC57DD002CDB6D /* CoreGraphics.framework in Frameworks */ = {isa = PBXBuildFile; fileRef = CF7E1E1A17CC57DD002CDB6D /* CoreGraphics.framework */; };
		CF7E1E2117CC57DD002CDB6D /* InfoPlist.strings in Resources */ = {isa = PBXBuildFile; fileRef = CF7E1E1F17CC57DD002CDB6D /* InfoPlist.strings */; };
		CF7E1E2317CC57DD002CDB6D /* main.m in Sources */ = {isa = PBXBuildFile; fileRef = CF7E1E2217CC57DD002CDB6D /* main.m */; };
		CF7E1E2717CC57DD002CDB6D /* AppDelegate.m in Sources */ = {isa = PBXBuildFile; fileRef = CF7E1E2617CC57DD002CDB6D /* AppDelegate.m */; };
		CF7E1E2917CC57DD002CDB6D /* Default.png in Resources */ = {isa = PBXBuildFile; fileRef = CF7E1E2817CC57DD002CDB6D /* Default.png */; };
		CF7E1E2B17CC57DD002CDB6D /* Default@2x.png in Resources */ = {isa = PBXBuildFile; fileRef = CF7E1E2A17CC57DD002CDB6D /* Default@2x.png */; };
		CF7E1E2D17CC57DD002CDB6D /* Default-568h@2x.png in Resources */ = {isa = PBXBuildFile; fileRef = CF7E1E2C17CC57DD002CDB6D /* Default-568h@2x.png */; };
		CF7E1E3517CC582B002CDB6D /* MyHandler.m in Sources */ = {isa = PBXBuildFile; fileRef = CF7E1E3417CC582B002CDB6D /* MyHandler.m */; };
/* End PBXBuildFile section */

/* Begin PBXFileReference section */
		CF7E1E1317CC57DD002CDB6D /* objc_msgSendCallback.app */ = {isa = PBXFileReference; explicitFileType = wrapper.application; includeInIndex = 0; path = objc_msgSendCallback.app; sourceTree = BUILT_PRODUCTS_DIR; };
		CF7E1E1617CC57DD002CDB6D /* UIKit.framework */ = {isa = PBXFileReference; lastKnownFileType = wrapper.framework; name = UIKit.framework; path = System/Library/Frameworks/UIKit.framework; sourceTree = SDKROOT; };
		CF7E1E1817CC57DD002CDB6D /* Foundation.framework */ = {isa = PBXFileReference; lastKnownFileType = wrapper.framework; name = Foundation.framework; path = System/Library/Frameworks/Foundation.framework; sourceTree = SDKROOT; };
		CF7E1E1A17CC57DD002CDB6D /* CoreGraphics.framework */ = {isa = PBXFileReference; lastKnownFileType = wrapper.framework; name = CoreGraphics.framework; path = System/Library/Frameworks/CoreGraphics.framework; sourceTree = SDKROOT; };
		CF7E1E1E17CC57DD002CDB6D /* objc_msgSendCallback-Info.plist */ = {isa = PBXFileReference; lastKnownFileType = text.plist.xml; path = "objc_msgSendCallback-Info.plist"; sourceTree = "<group>"; };
		CF7E1E2017CC57DD002CDB6D /* en */ = {isa = PBXFileReference; lastKnownFileType = text.plist.strings; name = en; path = en.lproj/InfoPlist.strings; sourceTree = "<group>"; };
		CF7E1E2217CC57DD002CDB6D /* main.m */ = {isa = PBXFileReference; lastKnownFileType = sourcecode.c.objc; path = main.m; sourceTree = "<group>"; };
		CF7E1E2417CC57DD002CDB6D /* objc_msgSendCallback-Prefix.pch */ = {isa = PBXFileReference; lastKnownFileType = sourcecode.c.h; path = "objc_msgSendCallback-Prefix.pch"; sourceTree = "<group>"; };
		CF7E1E2517CC57DD002CDB6D /* AppDelegate.h */ = {isa = PBXFileReference; lastKnownFileType = sourcecode.c.h; path = AppDelegate.h; sourceTree = "<group>"; };
		CF7E1E2617CC57DD002CDB6D /* AppDelegate.m */ = {isa = PBXFileReference; lastKnownFileType = sourcecode.c.objc; path = AppDelegate.m; sourceTree = "<group>"; };
		CF7E1E2817CC57DD002CDB6D /* Default.png */ = {isa = PBXFileReference; lastKnownFileType = image.png; path = Default.png; sourceTree = "<group>"; };
		CF7E1E2A17CC57DD002CDB6D /* Default@2x.png */ = {isa = PBXFileReference; lastKnownFileType = image.png; path = "Default@2x.png"; sourceTree = "<group>"; };
		CF7E1E2C17CC57DD002CDB6D /* Default-568h@2x.png */ = {isa = PBXFileReference; lastKnownFileType = image.png; path = "Default-568h@2x.png"; sourceTree = "<group>"; };
		CF7E1E3317CC582B002CDB6D /* MyHandler.h */ = {isa = PBXFileReference; fileEncoding = 4; lastKnownFileType = sourcecode.c.h; path = MyHandler.h; sourceTree = "<group>"; };
		CF7E1E3417CC582B002CDB6D /* MyHandler.m */ = {isa = PBXFileReference; fileEncoding = 4; lastKnownFileType = sourcecode.c.objc; path = MyHandler.m; sourceTree = "<group>"; };
/* End PBXFileReference section */

/* Begin PBXFrameworksBuildPhase section */
		CF7E1E1017CC57DD002CDB6D /* Frameworks */ = {
			isa = PBXFrameworksBuildPhase;
			buildActionMask = 2147483647;
			files = (
				CF7E1E1717CC57DD002CDB6D /* UIKit.framework in Frameworks */,
				CF7E1E1917CC57DD002CDB6D /* Foundation.framework in Frameworks */,
				CF7E1E1B17CC57DD002CDB6D /* CoreGraphics.framework in Frameworks */,
			);
			runOnlyForDeploymentPostprocessing = 0;
		};
/* End PBXFrameworksBuildPhase section */

/* Begin PBXGroup section */
		CF7E1E0A17CC57DD002CDB6D = {
			isa = PBXGroup;
			children = (
				CF7E1E1C17CC57DD002CDB6D /* objc_msgSendCallback */,
				CF7E1E1517CC57DD002CDB6D /* Frameworks */,
				CF7E1E1417CC57DD002CDB6D /* Products */,
			);
			sourceTree = "<group>";
		};
		CF7E1E1417CC57DD002CDB6D /* Products */ = {
			isa = PBXGroup;
			children = (
				CF7E1E1317CC57DD002CDB6D /* objc_msgSendCallback.app */,
			);
			name = Products;
			sourceTree = "<group>";
		};
		CF7E1E1517CC57DD002CDB6D /* Frameworks */ = {
			isa = PBXGroup;
			children = (
				CF7E1E1617CC57DD002CDB6D /* UIKit.framework */,
				CF7E1E1817CC57DD002CDB6D /* Foundation.framework */,
				CF7E1E1A17CC57DD002CDB6D /* CoreGraphics.framework */,
			);
			name = Frameworks;
			sourceTree = "<group>";
		};
		CF7E1E1C17CC57DD002CDB6D /* objc_msgSendCallback */ = {
			isa = PBXGroup;
			children = (
				CF7E1E2517CC57DD002CDB6D /* AppDelegate.h */,
				CF7E1E2617CC57DD002CDB6D /* AppDelegate.m */,
				CF7E1E3317CC582B002CDB6D /* MyHandler.h */,
				CF7E1E3417CC582B002CDB6D /* MyHandler.m */,
				CF7E1E1D17CC57DD002CDB6D /* Supporting Files */,
			);
			path = objc_msgSendCallback;
			sourceTree = "<group>";
		};
		CF7E1E1D17CC57DD002CDB6D /* Supporting Files */ = {
			isa = PBXGroup;
			children = (
				CF7E1E1E17CC57DD002CDB6D /* objc_msgSendCallback-Info.plist */,
				CF7E1E1F17CC57DD002CDB6D /* InfoPlist.strings */,
				CF7E1E2217CC57DD002CDB6D /* main.m */,
				CF7E1E2417CC57DD002CDB6D /* objc_msgSendCallback-Prefix.pch */,
				CF7E1E2817CC57DD002CDB6D /* Default.png */,
				CF7E1E2A17CC57DD002CDB6D /* Default@2x.png */,
				CF7E1E2C17CC57DD002CDB6D /* Default-568h@2x.png */,
			);
			name = "Supporting Files";
			sourceTree = "<group>";
		};
/* End PBXGroup section */

/* Begin PBXNativeTarget section */
		CF7E1E1217CC57DD002CDB6D /* objc_msgSendCallback */ = {
			isa = PBXNativeTarget;
			buildConfigurationList = CF7E1E3017CC57DD002CDB6D /* Build configuration list for PBXNativeTarget "objc_msgSendCallback" */;
			buildPhases = (
				CF7E1E0F17CC57DD002CDB6D /* Sources */,
				CF7E1E1017CC57DD002CDB6D /* Frameworks */,
				CF7E1E1117CC57DD002CDB6D /* Resources */,
			);
			buildRules = (
			);
			dependencies = (
			);
			name = objc_msgSendCallback;
			productName = objc_msgSendCallback;
			productReference = CF7E1E1317CC57DD002CDB6D /* objc_msgSendCallback.app */;
			productType = "com.apple.product-type.application";
		};
/* End PBXNativeTarget section */

/* Begin PBXProject section */
		CF7E1E0B17CC57DD002CDB6D /* Project object */ = {
			isa = PBXProject;
			attributes = {
				LastUpgradeCheck = 0460;
				ORGANIZATIONNAME = qsji;
			};
			buildConfigurationList = CF7E1E0E17CC57DD002CDB6D /* Build configuration list for PBXProject "objc_msgSendCallback" */;
			compatibilityVersion = "Xcode 3.2";
			developmentRegion = English;
			hasScannedForEncodings = 0;
			knownRegions = (
				en,
			);
			mainGroup = CF7E1E0A17CC57DD002CDB6D;
			productRefGroup = CF7E1E1417CC57DD002CDB6D /* Products */;
			projectDirPath = "";
			projectRoot = "";
			targets = (
				CF7E1E1217CC57DD002CDB6D /* objc_msgSendCallback */,
			);
		};
/* End PBXProject section */

/* Begin PBXResourcesBuildPhase section */
		CF7E1E1117CC57DD002CDB6D /* Resources */ = {
			isa = PBXResourcesBuildPhase;
			buildActionMask = 2147483647;
			files = (
				CF7E1E2117CC57DD002CDB6D /* InfoPlist.strings in Resources */,
				CF7E1E2917CC57DD002CDB6D /* Default.png in Resources */,
				CF7E1E2B17CC57DD002CDB6D /* Default@2x.png in Resources */,
				CF7E1E2D17CC57DD002CDB6D /* Default-568h@2x.png in Resources */,
			);
			runOnlyForDeploymentPostprocessing = 0;
		};
/* End PBXResourcesBuildPhase section */

/* Begin PBXSourcesBuildPhase section */
		CF7E1E0F17CC57DD002CDB6D /* Sources */ = {
			isa = PBXSourcesBuildPhase;
			buildActionMask = 2147483647;
			files = (
				CF7E1E2317CC57DD002CDB6D /* main.m in Sources */,
				CF7E1E2717CC57DD002CDB6D /* AppDelegate.m in Sources */,
				CF7E1E3517CC582B002CDB6D /* MyHandler.m in Sources */,
			);
			runOnlyForDeploymentPostprocessing = 0;
		};
/* End PBXSourcesBuildPhase section */

/* Begin PBXVariantGroup section */
		CF7E1E1F17CC57DD002CDB6D /* InfoPlist.strings */ = {
			isa = PBXVariantGroup;
			children = (
				CF7E1E2017CC57DD002CDB6D /* en */,
			);
			name = InfoPlist.strings;
			sourceTree = "<group>";
		};
/* End PBXVariantGroup section */

/* Begin XCBuildConfiguration section */
		CF7E1E2E17CC57DD002CDB6D /* Debug */ = {
			isa = XCBuildConfiguration;
			buildSettings = {
				ALWAYS_SEARCH_USER_PATHS = NO;
				CLANG_CXX_LANGUAGE_STANDARD = "gnu++0x";
				CLANG_CXX_LIBRARY = "libc++";
				CLANG_WARN_CONSTANT_CONVERSION = YES;
				CLANG_WARN_EMPTY_BODY = YES;
				CLANG_WARN_ENUM_CONVERSION = YES;
				CLANG_WARN_INT_CONVERSION = YES;
				CLANG_WARN__DUPLICATE_METHOD_MATCH = YES;
				"CODE_SIGN_IDENTITY[sdk=iphoneos*]" = "iPhone Developer";
				COPY_PHASE_STRIP = NO;
				GCC_C_LANGUAGE_STANDARD = gnu99;
				GCC_DYNAMIC_NO_PIC = NO;
				GCC_OPTIMIZATION_LEVEL = 0;
				GCC_PREPROCESSOR_DEFINITIONS = (
					"DEBUG=1",
					"$(inherited)",
				);
				GCC_SYMBOLS_PRIVATE_EXTERN = NO;
				GCC_WARN_ABOUT_RETURN_TYPE = YES;
				GCC_WARN_UNINITIALIZED_AUTOS = YES;
				GCC_WARN_UNUSED_VARIABLE = YES;
				IPHONEOS_DEPLOYMENT_TARGET = 6.1;
				ONLY_ACTIVE_ARCH = YES;
				SDKROOT = iphoneos;
			};
			name = Debug;
		};
		CF7E1E2F17CC57DD002CDB6D /* Release */ = {
			isa = XCBuildConfiguration;
			buildSettings = {
				ALWAYS_SEARCH_USER_PATHS = NO;
				CLANG_CXX_LANGUAGE_STANDARD = "gnu++0x";
				CLANG_CXX_LIBRARY = "libc++";
				CLANG_WARN_CONSTANT_CONVERSION = YES;
				CLANG_WARN_EMPTY_BODY = YES;
				CLANG_WARN_ENUM_CONVERSION = YES;
				CLANG_WARN_INT_CONVERSION = YES;
				CLANG_WARN__DUPLICATE_METHOD_MATCH = YES;
				"CODE_SIGN_IDENTITY[sdk=iphoneos*]" = "iPhone Developer";
				COPY_PHASE_STRIP = YES;
				GCC_C_LANGUAGE_STANDARD = gnu99;
				GCC_WARN_ABOUT_RETURN_TYPE = YES;
				GCC_WARN_UNINITIALIZED_AUTOS = YES;
				GCC_WARN_UNUSED_VARIABLE = YES;
				IPHONEOS_DEPLOYMENT_TARGET = 6.1;
				OTHER_CFLAGS = "-DNS_BLOCK_ASSERTIONS=1";
				SDKROOT = iphoneos;
				VALIDATE_PRODUCT = YES;
			};
			name = Release;
		};
		CF7E1E3117CC57DD002CDB6D /* Debug */ = {
			isa = XCBuildConfiguration;
			buildSettings = {
				GCC_PRECOMPILE_PREFIX_HEADER = YES;
				GCC_PREFIX_HEADER = "objc_msgSendCallback/objc_msgSendCallback-Prefix.pch";
				INFOPLIST_FILE = "objc_msgSendCallback/objc_msgSendCallback-Info.plist";
				PRODUCT_NAME = "$(TARGET_NAME)";
				WRAPPER_EXTENSION = app;
			};
			name = Debug;
		};
		CF7E1E3217CC57DD002CDB6D /* Release */ = {
			isa = XCBuildConfiguration;
			buildSettings = {
				GCC_PRECOMPILE_PREFIX_HEADER = YES;
				GCC_PREFIX_HEADER = "objc_msgSendCallback/objc_msgSendCallback-Prefix.pch";
				INFOPLIST_FILE = "objc_msgSendCallback/objc_msgSendCallback-Info.plist";
				PRODUCT_NAME = "$(TARGET_NAME)";
				WRAPPER_EXTENSION = app;
			};
			name = Release;
		};
/* End XCBuildConfiguration section */

/* Begin XCConfigurationList section */
		CF7E1E0E17CC57DD002CDB6D /* Build configuration list for PBXProject "objc_msgSendCallback" */ = {
			isa = XCConfigurationList;
			buildConfigurations = (
				CF7E1E2E17CC57DD002CDB6D /* Debug */,
				CF7E1E2F17CC57DD002CDB6D /* Release */,
			);
			defaultConfigurationIsVisible = 0;
			defaultConfigurationName = Release;
		};
		CF7E1E3017CC57DD002CDB6D /* Build configuration list for PBXNativeTarget "objc_msgSendCallback" */ = {
			isa = XCConfigurationList;
			buildConfigurations = (
				CF7E1E3117CC57DD002CDB6D /* Debug */,
				CF7E1E3217CC57DD002CDB6D /* Release */,
			);
			defaultConfigurationIsVisible = 0;
		};
/* End XCConfigurationList section */
	};
	rootObject = CF7E1E0B17CC57DD002CDB6D /* Project object */;
}
